{
  "version": 4,
  "terraform_version": "1.8.4",
  "serial": 4,
  "lineage": "504da1f3-4bf7-18b0-0d04-97310a50f9c4",
  "outputs": {
    "installation_config": {
      "value": {
        "hostname": "ubuntu-server",
        "static_ip": "N/A (DHCP)",
        "use_dhcp": true,
        "username": "user"
      },
      "type": [
        "object",
        {
          "hostname": "string",
          "static_ip": "string",
          "use_dhcp": "bool",
          "username": "string"
        }
      ]
    },
    "installation_ready": {
      "value": {
        "boot_configured": true,
        "boot_override_type": "Once",
        "boot_target": "Cd",
        "iso_url": "https://releases.ubuntu.com/22.04/ubuntu-22.04.5-live-server-amd64.iso",
        "note": "Run ./mount-iso.sh before terraform apply. Boot mode (UEFI/Legacy) not configurable via Terraform on 17G servers.",
        "ready_to_reboot": true
      },
      "type": [
        "object",
        {
          "boot_configured": "bool",
          "boot_override_type": "string",
          "boot_target": "string",
          "iso_url": "string",
          "note": "string",
          "ready_to_reboot": "bool"
        }
      ]
    },
    "verification_commands": {
      "value": {
        "check_boot": "curl -sk -u \u003cidrac_user\u003e:\u003cidrac_password\u003e https://100.67.151.226/redfish/v1/Systems/System.Embedded.1/Boot | jq -r '.BootSourceOverrideEnabled'",
        "check_hostname": "curl -sk -u \u003cidrac_user\u003e:\u003cidrac_password\u003e https://100.67.151.226/redfish/v1/Systems/System.Embedded.1 | jq -r '.HostName'",
        "idrac_console": "https://100.67.151.226 (login: \u003cidrac_user\u003e/\u003cidrac_password\u003e, then open Virtual Console)",
        "mount_iso_script": "./mount-iso.sh",
        "run_script": "./verify-installation.sh"
      },
      "type": [
        "object",
        {
          "check_boot": "string",
          "check_hostname": "string",
          "idrac_console": "string",
          "mount_iso_script": "string",
          "run_script": "string"
        }
      ]
    }
  },
  "resources": [
    {
      "mode": "managed",
      "type": "null_resource",
      "name": "boot_override_trigger",
      "provider": "provider[\"registry.terraform.io/hashicorp/null\"]",
      "instances": [
        {
          "schema_version": 0,
          "attributes": {
            "id": "4770839830327929524",
            "triggers": {
              "boot_enabled": "Once",
              "boot_override_id": "boot_sources",
              "boot_target": "Cd"
            }
          },
          "sensitive_attributes": [],
          "dependencies": [
            "redfish_boot_source_override.boot_from_virtual_media"
          ]
        }
      ]
    },
    {
      "mode": "managed",
      "type": "redfish_boot_source_override",
      "name": "boot_from_virtual_media",
      "provider": "provider[\"registry.terraform.io/dell/redfish\"]",
      "instances": [
        {
          "schema_version": 0,
          "attributes": {
            "boot_source_job_timeout": 1200,
            "boot_source_override_enabled": "Once",
            "boot_source_override_mode": null,
            "boot_source_override_target": "Cd",
            "id": "boot_sources",
            "redfish_server": [
              {
                "endpoint": null,
                "password": null,
                "redfish_alias": "server1",
                "ssl_insecure": null,
                "user": null
              }
            ],
            "reset_timeout": 120,
            "reset_type": "ForceRestart",
            "system_id": "System.Embedded.1",
            "uefi_target_boot_source_override": null
          },
          "sensitive_attributes": [
            [
              {
                "type": "get_attr",
                "value": "redfish_server"
              },
              {
                "type": "index",
                "value": {
                  "value": 0,
                  "type": "number"
                }
              },
              {
                "type": "get_attr",
                "value": "password"
              }
            ]
          ]
        }
      ]
    },
    {
      "mode": "managed",
      "type": "redfish_power",
      "name": "reboot_for_install",
      "provider": "provider[\"registry.terraform.io/dell/redfish\"]",
      "instances": [
        {
          "schema_version": 0,
          "attributes": {
            "check_interval": 10,
            "desired_power_action": "ForceRestart",
            "id": "KMBL0T3_power",
            "maximum_wait_time": 120,
            "power_state": "Reset_On",
            "redfish_server": [
              {
                "endpoint": null,
                "password": null,
                "redfish_alias": "server1",
                "ssl_insecure": null,
                "user": null
              }
            ],
            "system_id": "System.Embedded.1"
          },
          "sensitive_attributes": [
            [
              {
                "type": "get_attr",
                "value": "redfish_server"
              },
              {
                "type": "index",
                "value": {
                  "value": 0,
                  "type": "number"
                }
              },
              {
                "type": "get_attr",
                "value": "password"
              }
            ]
          ],
          "dependencies": [
            "null_resource.boot_override_trigger",
            "redfish_boot_source_override.boot_from_virtual_media"
          ]
        }
      ]
    }
  ],
  "check_results": null
}
